
Microsoft Visual Studio Solution File, Format Version 12.00
# Visual Studio 15
VisualStudioVersion = 15.0.28307.489
MinimumVisualStudioVersion = 10.0.40219.1
Project("{8BC9CEB8-8B4A-11D0-8D11-00A0C91BC942}") = "TestProjectN1", "TestProjectN1\TestProjectN1.vcxproj", "{FE8642DF-3478-4F37-B8BA-B1E99D7CF357}"
EndProject
Global
	GlobalSection(SolutionConfigurationPlatforms) = preSolution
		Debug|x64 = Debug|x64
		Debug|x86 = Debug|x86
		Release|x64 = Release|x64
		Release|x86 = Release|x86
	EndGlobalSection
	GlobalSection(ProjectConfigurationPlatforms) = postSolution
		{FE8642DF-3478-4F37-B8BA-B1E99D7CF357}.Debug|x64.ActiveCfg = Debug|x64
		{FE8642DF-3478-4F37-B8BA-B1E99D7CF357}.Debug|x64.Build.0 = Debug|x64
		{FE8642DF-3478-4F37-B8BA-B1E99D7CF357}.Debug|x86.ActiveCfg = Debug|Win32
		{FE8642DF-3478-4F37-B8BA-B1E99D7CF357}.Debug|x86.Build.0 = Debug|Win32
		{FE8642DF-3478-4F37-B8BA-B1E99D7CF357}.Release|x64.ActiveCfg = Release|x64
		{FE8642DF-3478-4F37-B8BA-B1E99D7CF357}.Release|x64.Build.0 = Release|x64
		{FE8642DF-3478-4F37-B8BA-B1E99D7CF357}.Release|x86.ActiveCfg = Release|Win32
		{FE8642DF-3478-4F37-B8BA-B1E99D7CF357}.Release|x86.Build.0 = Release|Win32
	EndGlobalSection
	GlobalSection(SolutionProperties) = preSolution
		HideSolutionNode = FALSE
	EndGlobalSection
	GlobalSection(ExtensibilityGlobals) = postSolution
		SolutionGuid = {DF7A4A7E-D49A-4AD3-9489-50DCEF30C68B}
	EndGlobalSection
EndGlobal
